github.com/go-gost/tls-dissector v0.3.1 h1:gvOteWog5pjY/HCpc8l+gngmSi8Q6zl5rRrfK8gwRKA=
github.com/go-gost/tls-dissector v0.3.1/go.mod h1:vGfog053fIm93iXBtvmVzMQqEJo5YwbbNaPNVDjbiOc=
golang.org/x/crypto v0.54.0 h1:YLIA59K4fiNzHzjnZt2tUJQjQtUWfWbeHBqKtk3eScw=
golang.org/x/crypto v0.54.0/go.mod h1:KWL8ny2AZdGR2cWmzeHrp2azQPGogOv+HeQaVEXC2dk=
