github.com/go-gost/tls-dissector v0.2.0 h1:9tE6WOzzpurATTBWn60DU4R8gibpGNY8/qVcc1SicVg=
github.com/go-gost/tls-dissector v0.2.0/go.mod h1:/9QfdewqmHdaE362Hv5nDaSWLx3pCmtD870d6GaquXs=
github.com/go-gost/tls-dissector v0.3.0 h1:mbjmcHFXYRMUXGGTbJ78dllg6utjK3gp9Rn04tda4UA=
github.com/go-gost/tls-dissector v0.3.0/go.mod h1:vGfog053fIm93iXBtvmVzMQqEJo5YwbbNaPNVDjbiOc=
golang.org/x/crypto v0.53.0 h1:QZ4Muo8THX6CizN2vPPd5fBGHyogrdK9fG4wLPFUsto=
golang.org/x/crypto v0.53.0/go.mod h1:DNLU434OwVakk9PzuwV8w62mAJpRJL3vsgcfp4Qnsio=
